
Microsoft Visual Studio Solution File, Format Version 12.00
# Visual Studio Version 16
VisualStudioVersion = 16.0.31410.357
MinimumVisualStudioVersion = 10.0.40219.1
Project("{FAE04EC0-301F-11D3-BF4B-00C04F79EFBC}") = "HelloWorldProgram", "..\..\..\Downloads\Ch01_Examples\Ch01_Examples\HelloWorldProgram\HelloWorldProgram.csproj", "{F9281962-238C-438D-923C-3A84E6C43934}"
EndProject
Project("{FAE04EC0-301F-11D3-BF4B-00C04F79EFBC}") = "giraffe", "giraffe\giraffe.csproj", "{22793BE6-53A1-447F-AFF3-024C6C29616A}"
EndProject
Global
	GlobalSection(SolutionConfigurationPlatforms) = preSolution
		Debug|Any CPU = Debug|Any CPU
		Release|Any CPU = Release|Any CPU
	EndGlobalSection
	GlobalSection(ProjectConfigurationPlatforms) = postSolution
		{F9281962-238C-438D-923C-3A84E6C43934}.Debug|Any CPU.ActiveCfg = Debug|Any CPU
		{F9281962-238C-438D-923C-3A84E6C43934}.Debug|Any CPU.Build.0 = Debug|Any CPU
		{F9281962-238C-438D-923C-3A84E6C43934}.Release|Any CPU.ActiveCfg = Release|Any CPU
		{F9281962-238C-438D-923C-3A84E6C43934}.Release|Any CPU.Build.0 = Release|Any CPU
		{22793BE6-53A1-447F-AFF3-024C6C29616A}.Debug|Any CPU.ActiveCfg = Debug|Any CPU
		{22793BE6-53A1-447F-AFF3-024C6C29616A}.Debug|Any CPU.Build.0 = Debug|Any CPU
		{22793BE6-53A1-447F-AFF3-024C6C29616A}.Release|Any CPU.ActiveCfg = Release|Any CPU
		{22793BE6-53A1-447F-AFF3-024C6C29616A}.Release|Any CPU.Build.0 = Release|Any CPU
	EndGlobalSection
	GlobalSection(SolutionProperties) = preSolution
		HideSolutionNode = FALSE
	EndGlobalSection
	GlobalSection(ExtensibilityGlobals) = postSolution
		SolutionGuid = {C724F509-A97A-4111-B4CF-0698DB9F8DB8}
	EndGlobalSection
EndGlobal
